
Microsoft Visual Studio Solution File, Format Version 12.00
# Visual Studio Version 16
VisualStudioVersion = 16.0.29409.12
MinimumVisualStudioVersion = 10.0.40219.1
Project("{FAE04EC0-301F-11D3-BF4B-00C04F79EFBC}") = "ex2M7-Tratamento de Ficheiros", "ex2M7-Tratamento de Ficheiros\ex2M7-Tratamento de Ficheiros.csproj", "{DED4A31C-2AA0-4063-A299-57AA1C8598D6}"
EndProject
Global
	GlobalSection(SolutionConfigurationPlatforms) = preSolution
		Debug|Any CPU = Debug|Any CPU
		Release|Any CPU = Release|Any CPU
	EndGlobalSection
	GlobalSection(ProjectConfigurationPlatforms) = postSolution
		{DED4A31C-2AA0-4063-A299-57AA1C8598D6}.Debug|Any CPU.ActiveCfg = Debug|Any CPU
		{DED4A31C-2AA0-4063-A299-57AA1C8598D6}.Debug|Any CPU.Build.0 = Debug|Any CPU
		{DED4A31C-2AA0-4063-A299-57AA1C8598D6}.Release|Any CPU.ActiveCfg = Release|Any CPU
		{DED4A31C-2AA0-4063-A299-57AA1C8598D6}.Release|Any CPU.Build.0 = Release|Any CPU
	EndGlobalSection
	GlobalSection(SolutionProperties) = preSolution
		HideSolutionNode = FALSE
	EndGlobalSection
	GlobalSection(ExtensibilityGlobals) = postSolution
		SolutionGuid = {84C8E3F0-9989-493B-87F1-B5ED330A6089}
	EndGlobalSection
EndGlobal
